
Microsoft Visual Studio Solution File, Format Version 12.00
# Visual Studio Version 16
VisualStudioVersion = 16.0.31019.35
MinimumVisualStudioVersion = 10.0.40219.1
Project("{FAE04EC0-301F-11D3-BF4B-00C04F79EFBC}") = "BDenis3-UniversityManagementSystem", "BDenis3-UniversityManagementSystem\BDenis3-UniversityManagementSystem.csproj", "{AC3D5B7D-DD2E-48E2-A694-745D57C78B84}"
EndProject
Global
	GlobalSection(SolutionConfigurationPlatforms) = preSolution
		Debug|Any CPU = Debug|Any CPU
		Release|Any CPU = Release|Any CPU
	EndGlobalSection
	GlobalSection(ProjectConfigurationPlatforms) = postSolution
		{AC3D5B7D-DD2E-48E2-A694-745D57C78B84}.Debug|Any CPU.ActiveCfg = Debug|Any CPU
		{AC3D5B7D-DD2E-48E2-A694-745D57C78B84}.Debug|Any CPU.Build.0 = Debug|Any CPU
		{AC3D5B7D-DD2E-48E2-A694-745D57C78B84}.Release|Any CPU.ActiveCfg = Release|Any CPU
		{AC3D5B7D-DD2E-48E2-A694-745D57C78B84}.Release|Any CPU.Build.0 = Release|Any CPU
	EndGlobalSection
	GlobalSection(SolutionProperties) = preSolution
		HideSolutionNode = FALSE
	EndGlobalSection
	GlobalSection(ExtensibilityGlobals) = postSolution
		SolutionGuid = {19429168-96AE-4743-8B3C-555329E210F9}
	EndGlobalSection
EndGlobal
